
Microsoft Visual Studio Solution File, Format Version 12.00
# Visual Studio 15
VisualStudioVersion = 15.0.27703.2035
MinimumVisualStudioVersion = 10.0.40219.1
Project("{FAE04EC0-301F-11D3-BF4B-00C04F79EFBC}") = "StratixPOCODBCGateWay", "PostgressOBDCTest\StratixPOCODBCGateWay.csproj", "{A19DC48D-3791-432C-BEA9-9D0A2679CB91}"
EndProject
Global
	GlobalSection(SolutionConfigurationPlatforms) = preSolution
		Debug|Any CPU = Debug|Any CPU
		Release|Any CPU = Release|Any CPU
	EndGlobalSection
	GlobalSection(ProjectConfigurationPlatforms) = postSolution
		{A19DC48D-3791-432C-BEA9-9D0A2679CB91}.Debug|Any CPU.ActiveCfg = Debug|Any CPU
		{A19DC48D-3791-432C-BEA9-9D0A2679CB91}.Debug|Any CPU.Build.0 = Debug|Any CPU
		{A19DC48D-3791-432C-BEA9-9D0A2679CB91}.Release|Any CPU.ActiveCfg = Release|Any CPU
		{A19DC48D-3791-432C-BEA9-9D0A2679CB91}.Release|Any CPU.Build.0 = Release|Any CPU
	EndGlobalSection
	GlobalSection(SolutionProperties) = preSolution
		HideSolutionNode = FALSE
	EndGlobalSection
	GlobalSection(ExtensibilityGlobals) = postSolution
		SolutionGuid = {A07FCCDD-B681-4CC5-8505-7884A52B8AA1}
	EndGlobalSection
EndGlobal
